PODS:
  - AppCenter (4.0.0):
    - AppCenter/Analytics (= 4.0.0)
    - AppCenter/Crashes (= 4.0.0)
  - AppCenter/Analytics (4.0.0):
    - AppCenter/Core
  - AppCenter/Core (4.0.0)
  - AppCenter/Crashes (4.0.0):
    - AppCenter/Core
  - RxCocoa (5.1.1):
    - RxRelay (~> 5)
    - RxSwift (~> 5)
  - RxRelay (5.1.1):
    - RxSwift (~> 5)
  - RxSwift (5.1.1)
  - SnapKit (5.0.1)
  - SocketRocket (0.5.1)

DEPENDENCIES:
  - AppCenter (= 4.0.0)
  - RxCocoa (= 5.1.1)
  - RxSwift (= 5.1.1)
  - SnapKit (= 5.0.1)
  - SocketRocket (= 0.5.1)

SPEC REPOS:
  trunk:
    - AppCenter
    - RxCocoa
    - RxRelay
    - RxSwift
    - SnapKit
    - SocketRocket

SPEC CHECKSUMS:
  AppCenter: 51351e0121e40ba75e28ecb7de5c2e69d480df5e
  RxCocoa: 32065309a38d29b5b0db858819b5bf9ef038b601
  RxRelay: d77f7d771495f43c556cbc43eebd1bb54d01e8e9
  RxSwift: 81470a2074fa8780320ea5fe4102807cb7118178
  SnapKit: 97b92857e3df3a0c71833cce143274bf6ef8e5eb
  SocketRocket: d57c7159b83c3c6655745cd15302aa24b6bae531

PODFILE CHECKSUM: 853d5bf975f7ff3c61a67720bbe1197988e9f617

COCOAPODS: 1.9.3
