// !$*UTF8*$!
{
	archiveVersion = 1;
	classes = {
	};
	objectVersion = 46;
	objects = {

/* Begin PBXBuildFile section */
		7D0660061B1B573500C6DB15 /* PimpSocket.swift in Sources */ = {isa = PBXBuildFile; fileRef = 7D0660051B1B573500C6DB15 /* PimpSocket.swift */; };
		7D0660081B1B712100C6DB15 /* PlayerEventDelegate.swift in Sources */ = {isa = PBXBuildFile; fileRef = 7D0660071B1B712100C6DB15 /* PlayerEventDelegate.swift */; };
		7D072FEF1B12394E000D416D /* PlayerSocket.swift in Sources */ = {isa = PBXBuildFile; fileRef = 7D072FEE1B12394E000D416D /* PlayerSocket.swift */; };
		7D0730311B1A0400000D416D /* SRWebSocket.m in Sources */ = {isa = PBXBuildFile; fileRef = 7D0730301B1A0400000D416D /* SRWebSocket.m */; };
		7D0730761B1A0DA3000D416D /* libicucore.dylib in Frameworks */ = {isa = PBXBuildFile; fileRef = 7D0730221B123C7D000D416D /* libicucore.dylib */; };
		7D0CA9841AF505E3008F72EC /* PlaybackState.swift in Sources */ = {isa = PBXBuildFile; fileRef = 7D0CA9831AF505E3008F72EC /* PlaybackState.swift */; };
		7D0CA9861AF50F15008F72EC /* PlayerInfo.swift in Sources */ = {isa = PBXBuildFile; fileRef = 7D0CA9851AF50F15008F72EC /* PlayerInfo.swift */; };
		7D0CA9881AF68EC6008F72EC /* EditEndpointController.swift in Sources */ = {isa = PBXBuildFile; fileRef = 7D0CA9871AF68EC6008F72EC /* EditEndpointController.swift */; };
		7D0CA98A1AF68EE7008F72EC /* EndpointsController.swift in Sources */ = {isa = PBXBuildFile; fileRef = 7D0CA9891AF68EE7008F72EC /* EndpointsController.swift */; };
		7D0CA98C1AF6940B008F72EC /* SettingsController.swift in Sources */ = {isa = PBXBuildFile; fileRef = 7D0CA98B1AF6940B008F72EC /* SettingsController.swift */; };
		7D0CA9901AF69950008F72EC /* Endpoint.swift in Sources */ = {isa = PBXBuildFile; fileRef = 7D0CA98F1AF69950008F72EC /* Endpoint.swift */; };
		7D0CA9921AF6999E008F72EC /* Protocol.swift in Sources */ = {isa = PBXBuildFile; fileRef = 7D0CA9911AF6999E008F72EC /* Protocol.swift */; };
		7D4FF8DD1B40412200C2D634 /* CoverService.swift in Sources */ = {isa = PBXBuildFile; fileRef = 7D4FF8DC1B40412200C2D634 /* CoverService.swift */; };
		7D4FF8DF1B4068E400C2D634 /* HTTPExtensions.swift in Sources */ = {isa = PBXBuildFile; fileRef = 7D4FF8DE1B4068E400C2D634 /* HTTPExtensions.swift */; };
		7D4FF8E21B41CFED00C2D634 /* StorageSize.swift in Sources */ = {isa = PBXBuildFile; fileRef = 7D4FF8E11B41CFED00C2D634 /* StorageSize.swift */; };
		7D4FF8E41B48637D00C2D634 /* CacheTableController.swift in Sources */ = {isa = PBXBuildFile; fileRef = 7D4FF8E31B48637D00C2D634 /* CacheTableController.swift */; };
		7D6066E51AEC0EEA0057A67B /* LocalPlaylist.swift in Sources */ = {isa = PBXBuildFile; fileRef = 7D6066E41AEC0EEA0057A67B /* LocalPlaylist.swift */; };
		7D61A7011AA4E14F00F21622 /* LibraryController.swift in Sources */ = {isa = PBXBuildFile; fileRef = 7D61A7001AA4E14F00F21622 /* LibraryController.swift */; };
		7D66863E1B498200003C92E4 /* CacheLimitController.swift in Sources */ = {isa = PBXBuildFile; fileRef = 7D66863D1B498200003C92E4 /* CacheLimitController.swift */; };
		7D6686401B49AC34003C92E4 /* CacheInfoController.swift in Sources */ = {isa = PBXBuildFile; fileRef = 7D66863F1B49AC34003C92E4 /* CacheInfoController.swift */; };
		7D6756B31AF94BE100BC0CA9 /* ServerType.swift in Sources */ = {isa = PBXBuildFile; fileRef = 7D6756B21AF94BE100BC0CA9 /* ServerType.swift */; };
		7D6756B51AFD4D8A00BC0CA9 /* FilePersistence.swift in Sources */ = {isa = PBXBuildFile; fileRef = 7D6756B41AFD4D8A00BC0CA9 /* FilePersistence.swift */; };
		7D6756B71AFD55A200BC0CA9 /* PimpSettings.swift in Sources */ = {isa = PBXBuildFile; fileRef = 7D6756B61AFD55A200BC0CA9 /* PimpSettings.swift */; };
		7D6756B91AFD581000BC0CA9 /* PimpJson.swift in Sources */ = {isa = PBXBuildFile; fileRef = 7D6756B81AFD581000BC0CA9 /* PimpJson.swift */; };
		7D6756BB1B01092E00BC0CA9 /* UserPrefs.swift in Sources */ = {isa = PBXBuildFile; fileRef = 7D6756BA1B01092E00BC0CA9 /* UserPrefs.swift */; };
		7D6756BD1B01094800BC0CA9 /* Persistence.swift in Sources */ = {isa = PBXBuildFile; fileRef = 7D6756BC1B01094800BC0CA9 /* Persistence.swift */; };
		7D6756BF1B012B9600BC0CA9 /* Json.swift in Sources */ = {isa = PBXBuildFile; fileRef = 7D6756BE1B012B9600BC0CA9 /* Json.swift */; };
		7D6756C31B04D5F100BC0CA9 /* BaseTableController.swift in Sources */ = {isa = PBXBuildFile; fileRef = 7D6756C21B04D5F100BC0CA9 /* BaseTableController.swift */; };
		7D6756C51B0744B100BC0CA9 /* PimpError.swift in Sources */ = {isa = PBXBuildFile; fileRef = 7D6756C41B0744B100BC0CA9 /* PimpError.swift */; };
		7D6756C71B07CDCA00BC0CA9 /* SourceSettingController.swift in Sources */ = {isa = PBXBuildFile; fileRef = 7D6756C61B07CDCA00BC0CA9 /* SourceSettingController.swift */; };
		7D6756C91B07CDD500BC0CA9 /* PlayerSettingController.swift in Sources */ = {isa = PBXBuildFile; fileRef = 7D6756C81B07CDD500BC0CA9 /* PlayerSettingController.swift */; };
		7D6756CB1B08B24A00BC0CA9 /* PlayerManager.swift in Sources */ = {isa = PBXBuildFile; fileRef = 7D6756CA1B08B24A00BC0CA9 /* PlayerManager.swift */; };
		7D6756CD1B08B25400BC0CA9 /* LibraryManager.swift in Sources */ = {isa = PBXBuildFile; fileRef = 7D6756CC1B08B25400BC0CA9 /* LibraryManager.swift */; };
		7D6756CF1B08B26200BC0CA9 /* EndpointManager.swift in Sources */ = {isa = PBXBuildFile; fileRef = 7D6756CE1B08B26200BC0CA9 /* EndpointManager.swift */; };
		7D6756D11B08E5ED00BC0CA9 /* EndpointSelectController.swift in Sources */ = {isa = PBXBuildFile; fileRef = 7D6756D01B08E5ED00BC0CA9 /* EndpointSelectController.swift */; };
		7D6756D31B091EFE00BC0CA9 /* PlayerType.swift in Sources */ = {isa = PBXBuildFile; fileRef = 7D6756D21B091EFE00BC0CA9 /* PlayerType.swift */; };
		7D6756D51B09200300BC0CA9 /* PlaylistType.swift in Sources */ = {isa = PBXBuildFile; fileRef = 7D6756D41B09200300BC0CA9 /* PlaylistType.swift */; };
		7D6756D71B0A64E100BC0CA9 /* LibraryType.swift in Sources */ = {isa = PBXBuildFile; fileRef = 7D6756D61B0A64E100BC0CA9 /* LibraryType.swift */; };
		7D6756D91B0A6AEE00BC0CA9 /* LocalLibrary.swift in Sources */ = {isa = PBXBuildFile; fileRef = 7D6756D81B0A6AEE00BC0CA9 /* LocalLibrary.swift */; };
		7D6756DB1B0A6FCB00BC0CA9 /* Libraries.swift in Sources */ = {isa = PBXBuildFile; fileRef = 7D6756DA1B0A6FCB00BC0CA9 /* Libraries.swift */; };
		7D6756DD1B0BB95900BC0CA9 /* Players.swift in Sources */ = {isa = PBXBuildFile; fileRef = 7D6756DC1B0BB95900BC0CA9 /* Players.swift */; };
		7D748D1D1AC724B5009B0401 /* Util.swift in Sources */ = {isa = PBXBuildFile; fileRef = 7D748D1C1AC724B5009B0401 /* Util.swift */; };
		7D78C2911AF3B73D001F0A65 /* Event.swift in Sources */ = {isa = PBXBuildFile; fileRef = 7D78C2901AF3B73D001F0A65 /* Event.swift */; };
		7D78C2951AF3CCA8001F0A65 /* Disposable.swift in Sources */ = {isa = PBXBuildFile; fileRef = 7D78C2941AF3CCA8001F0A65 /* Disposable.swift */; };
		7D9E48A71AD972A800D5CDDF /* Log.swift in Sources */ = {isa = PBXBuildFile; fileRef = 7D9E48A61AD972A800D5CDDF /* Log.swift */; };
		7D9E48AA1ADA78D900D5CDDF /* LocalPlayer.swift in Sources */ = {isa = PBXBuildFile; fileRef = 7D9E48A91ADA78D900D5CDDF /* LocalPlayer.swift */; };
		7D9E48AC1ADA7FFC00D5CDDF /* Strings.swift in Sources */ = {isa = PBXBuildFile; fileRef = 7D9E48AB1ADA7FFC00D5CDDF /* Strings.swift */; };
		7D9E48B01ADAE8CB00D5CDDF /* PlayerController.swift in Sources */ = {isa = PBXBuildFile; fileRef = 7D9E48AF1ADAE8CB00D5CDDF /* PlayerController.swift */; };
		7DB1B3A41B0E44BE0012B8AE /* Downloader.swift in Sources */ = {isa = PBXBuildFile; fileRef = 7DB1B3A31B0E44BE0012B8AE /* Downloader.swift */; };
		7DB1B3A61B108CD60012B8AE /* Files.swift in Sources */ = {isa = PBXBuildFile; fileRef = 7DB1B3A51B108CD60012B8AE /* Files.swift */; };
		7DB1B3A91B10C0990012B8AE /* PimpPlayer.swift in Sources */ = {isa = PBXBuildFile; fileRef = 7DB1B3A81B10C0990012B8AE /* PimpPlayer.swift */; };
		7DB1B3AC1B10CDD00012B8AE /* PimpLibrary.swift in Sources */ = {isa = PBXBuildFile; fileRef = 7DB1B3AB1B10CDCF0012B8AE /* PimpLibrary.swift */; };
		7DB1B3AE1B10D8440012B8AE /* Models.swift in Sources */ = {isa = PBXBuildFile; fileRef = 7DB1B3AD1B10D8440012B8AE /* Models.swift */; };
		7DB1B3B01B10DBFE0012B8AE /* JsonKeys.swift in Sources */ = {isa = PBXBuildFile; fileRef = 7DB1B3AF1B10DBFE0012B8AE /* JsonKeys.swift */; };
		7DB1B3B21B1102270012B8AE /* PimpPlaylist.swift in Sources */ = {isa = PBXBuildFile; fileRef = 7DB1B3B11B1102270012B8AE /* PimpPlaylist.swift */; };
		7DB1B3B41B1102C50012B8AE /* PlayerState.swift in Sources */ = {isa = PBXBuildFile; fileRef = 7DB1B3B31B1102C50012B8AE /* PlayerState.swift */; };
		7DB1B3B61B11D0590012B8AE /* PimpEndpoint.swift in Sources */ = {isa = PBXBuildFile; fileRef = 7DB1B3B51B11D0590012B8AE /* PimpEndpoint.swift */; };
		7DB1B3B81B11D2B20012B8AE /* BasePlaylist.swift in Sources */ = {isa = PBXBuildFile; fileRef = 7DB1B3B71B11D2B20012B8AE /* BasePlaylist.swift */; };
		7DB1B3BA1B12013A0012B8AE /* BaseLibrary.swift in Sources */ = {isa = PBXBuildFile; fileRef = 7DB1B3B91B12013A0012B8AE /* BaseLibrary.swift */; };
		7DB1B3BC1B12056E0012B8AE /* PimpTableController.swift in Sources */ = {isa = PBXBuildFile; fileRef = 7DB1B3BB1B12056E0012B8AE /* PimpTableController.swift */; };
		7DBCD7A01B26121A006460D1 /* CloudPlayer.swift in Sources */ = {isa = PBXBuildFile; fileRef = 7DBCD79F1B26121A006460D1 /* CloudPlayer.swift */; };
		7DBCD7A21B261227006460D1 /* CloudLibrary.swift in Sources */ = {isa = PBXBuildFile; fileRef = 7DBCD7A11B261227006460D1 /* CloudLibrary.swift */; };
		7DC206A71A1547370032C01D /* AppDelegate.swift in Sources */ = {isa = PBXBuildFile; fileRef = 7DC206A61A1547370032C01D /* AppDelegate.swift */; };
		7DC206AE1A1547370032C01D /* Main.storyboard in Resources */ = {isa = PBXBuildFile; fileRef = 7DC206AC1A1547370032C01D /* Main.storyboard */; };
		7DC206B01A1547370032C01D /* Images.xcassets in Resources */ = {isa = PBXBuildFile; fileRef = 7DC206AF1A1547370032C01D /* Images.xcassets */; };
		7DC206B31A1547370032C01D /* LaunchScreen.xib in Resources */ = {isa = PBXBuildFile; fileRef = 7DC206B11A1547370032C01D /* LaunchScreen.xib */; };
		7DC206BF1A1547380032C01D /* MusicPimpTests.swift in Sources */ = {isa = PBXBuildFile; fileRef = 7DC206BE1A1547380032C01D /* MusicPimpTests.swift */; };
		7DC359571B35BE3B003B01B6 /* FontAwesome.ttf in Resources */ = {isa = PBXBuildFile; fileRef = 7DC359561B35BE3B003B01B6 /* FontAwesome.ttf */; };
		7DC3595E1B35C7B3003B01B6 /* String+FontAwesome.swift in Sources */ = {isa = PBXBuildFile; fileRef = 7DC3595D1B35C7B3003B01B6 /* String+FontAwesome.swift */; };
		7DC359641B35E853003B01B6 /* UIFont+FontAwesome.m in Sources */ = {isa = PBXBuildFile; fileRef = 7DC359621B35E852003B01B6 /* UIFont+FontAwesome.m */; };
		7DC359651B35E853003B01B6 /* UIImage+FontAwesome.m in Sources */ = {isa = PBXBuildFile; fileRef = 7DC359631B35E852003B01B6 /* UIImage+FontAwesome.m */; };
		7DC359671B35EE3E003B01B6 /* PlayerNavController.swift in Sources */ = {isa = PBXBuildFile; fileRef = 7DC359661B35EE3E003B01B6 /* PlayerNavController.swift */; };
		7DC359691B35F196003B01B6 /* PimpTabBarController.swift in Sources */ = {isa = PBXBuildFile; fileRef = 7DC359681B35F196003B01B6 /* PimpTabBarController.swift */; };
		7DC3596B1B35F649003B01B6 /* NSString+FontAwesome.m in Sources */ = {isa = PBXBuildFile; fileRef = 7DC3596A1B35F649003B01B6 /* NSString+FontAwesome.m */; };
		7DC3596D1B371212003B01B6 /* LibraryNavController.swift in Sources */ = {isa = PBXBuildFile; fileRef = 7DC3596C1B371212003B01B6 /* LibraryNavController.swift */; };
		7DC3596F1B37121F003B01B6 /* PlaylistNavController.swift in Sources */ = {isa = PBXBuildFile; fileRef = 7DC3596E1B37121F003B01B6 /* PlaylistNavController.swift */; };
		7DC359711B37122A003B01B6 /* SettingsNavController.swift in Sources */ = {isa = PBXBuildFile; fileRef = 7DC359701B37122A003B01B6 /* SettingsNavController.swift */; };
		7DC359731B371426003B01B6 /* TabNavController.swift in Sources */ = {isa = PBXBuildFile; fileRef = 7DC359721B371426003B01B6 /* TabNavController.swift */; };
		7DC359761B3EEB52003B01B6 /* Duration.swift in Sources */ = {isa = PBXBuildFile; fileRef = 7DC359751B3EEB52003B01B6 /* Duration.swift */; };
		7DC359781B3F0A51003B01B6 /* Volume.swift in Sources */ = {isa = PBXBuildFile; fileRef = 7DC359771B3F0A51003B01B6 /* Volume.swift */; };
		7DD4918C1ABDA0F4002FD31C /* HttpClient.swift in Sources */ = {isa = PBXBuildFile; fileRef = 7DD4918B1ABDA0F4002FD31C /* HttpClient.swift */; };
		7DD4918E1ABDC358002FD31C /* PimpHttpClient.swift in Sources */ = {isa = PBXBuildFile; fileRef = 7DD4918D1ABDC358002FD31C /* PimpHttpClient.swift */; };
		7DDE246C1B5BE871007D810E /* ExternalCommandDelegate.swift in Sources */ = {isa = PBXBuildFile; fileRef = 7DDE246B1B5BE871007D810E /* ExternalCommandDelegate.swift */; };
		7DDE24701B656DD5007D810E /* PimpUtils.swift in Sources */ = {isa = PBXBuildFile; fileRef = 7DDE246F1B656DD5007D810E /* PimpUtils.swift */; };
		7DDE24721B6E896B007D810E /* PimpMusicItemCell.xib in Resources */ = {isa = PBXBuildFile; fileRef = 7DDE24711B6E896B007D810E /* PimpMusicItemCell.xib */; };
		7DDE24741B6E8ABC007D810E /* PimpMusicItemCell.swift in Sources */ = {isa = PBXBuildFile; fileRef = 7DDE24731B6E8ABC007D810E /* PimpMusicItemCell.swift */; };
		7DDE24761B764C3D007D810E /* BackgroundDownloader.swift in Sources */ = {isa = PBXBuildFile; fileRef = 7DDE24751B764C3D007D810E /* BackgroundDownloader.swift */; };
		7DDE24791B7E5B78007D810E /* Throttler.swift in Sources */ = {isa = PBXBuildFile; fileRef = 7DDE24781B7E5B78007D810E /* Throttler.swift */; };
		7DDE247B1B7E6139007D810E /* CacheManager.swift in Sources */ = {isa = PBXBuildFile; fileRef = 7DDE247A1B7E6139007D810E /* CacheManager.swift */; };
		7DF5C00C1AED50B300F25B9B /* Arrays.swift in Sources */ = {isa = PBXBuildFile; fileRef = 7DF5C00B1AED50B300F25B9B /* Arrays.swift */; };
		7DF5C00F1AF3853800F25B9B /* PlaylistController.swift in Sources */ = {isa = PBXBuildFile; fileRef = 7DF5C00E1AF3853800F25B9B /* PlaylistController.swift */; };
/* End PBXBuildFile section */

/* Begin PBXContainerItemProxy section */
		7DC206B91A1547380032C01D /* PBXContainerItemProxy */ = {
			isa = PBXContainerItemProxy;
			containerPortal = 7DC206991A1547370032C01D /* Project object */;
			proxyType = 1;
			remoteGlobalIDString = 7DC206A01A1547370032C01D;
			remoteInfo = MusicPimp;
		};
/* End PBXContainerItemProxy section */

/* Begin PBXFileReference section */
		0AFD02AC2476A77033EC5E76 /* Pods-MusicPimp.debug.xcconfig */ = {isa = PBXFileReference; includeInIndex = 1; lastKnownFileType = text.xcconfig; name = "Pods-MusicPimp.debug.xcconfig"; path = "Pods/Target Support Files/Pods-MusicPimp/Pods-MusicPimp.debug.xcconfig"; sourceTree = "<group>"; };
		1A6A61E06A765CCD8765B423 /* .gitignore */ = {isa = PBXFileReference; lastKnownFileType = file.gitignore; path = .gitignore; sourceTree = "<group>"; };
		1BE3548DC70AC366EDEEE0B3 /* libPods-MusicPimp.a */ = {isa = PBXFileReference; explicitFileType = archive.ar; includeInIndex = 0; path = "libPods-MusicPimp.a"; sourceTree = BUILT_PRODUCTS_DIR; };
		565D35CA22DF7A73D3BE5F17 /* Pods-MusicPimp.release.xcconfig */ = {isa = PBXFileReference; includeInIndex = 1; lastKnownFileType = text.xcconfig; name = "Pods-MusicPimp.release.xcconfig"; path = "Pods/Target Support Files/Pods-MusicPimp/Pods-MusicPimp.release.xcconfig"; sourceTree = "<group>"; };
		7D0660051B1B573500C6DB15 /* PimpSocket.swift */ = {isa = PBXFileReference; fileEncoding = 4; lastKnownFileType = sourcecode.swift; path = PimpSocket.swift; sourceTree = "<group>"; };
		7D0660071B1B712100C6DB15 /* PlayerEventDelegate.swift */ = {isa = PBXFileReference; fileEncoding = 4; lastKnownFileType = sourcecode.swift; path = PlayerEventDelegate.swift; sourceTree = "<group>"; };
		7D072FEE1B12394E000D416D /* PlayerSocket.swift */ = {isa = PBXFileReference; fileEncoding = 4; lastKnownFileType = sourcecode.swift; path = PlayerSocket.swift; sourceTree = "<group>"; };
		7D07301C1B123C52000D416D /* Foundation.framework */ = {isa = PBXFileReference; lastKnownFileType = wrapper.framework; name = Foundation.framework; path = System/Library/Frameworks/Foundation.framework; sourceTree = SDKROOT; };
		7D07301E1B123C5E000D416D /* Security.framework */ = {isa = PBXFileReference; lastKnownFileType = wrapper.framework; name = Security.framework; path = System/Library/Frameworks/Security.framework; sourceTree = SDKROOT; };
		7D0730201B123C6D000D416D /* CFNetwork.framework */ = {isa = PBXFileReference; lastKnownFileType = wrapper.framework; name = CFNetwork.framework; path = System/Library/Frameworks/CFNetwork.framework; sourceTree = SDKROOT; };
		7D0730221B123C7D000D416D /* libicucore.dylib */ = {isa = PBXFileReference; lastKnownFileType = "compiled.mach-o.dylib"; name = libicucore.dylib; path = usr/lib/libicucore.dylib; sourceTree = SDKROOT; };
		7D07302D1B1390D8000D416D /* MusicPimp-Bridging-Header.h */ = {isa = PBXFileReference; lastKnownFileType = sourcecode.c.h; path = "MusicPimp-Bridging-Header.h"; sourceTree = "<group>"; };
		7D0730301B1A0400000D416D /* SRWebSocket.m */ = {isa = PBXFileReference; fileEncoding = 4; lastKnownFileType = sourcecode.c.objc; name = SRWebSocket.m; path = SocketRocket/SRWebSocket.m; sourceTree = SOURCE_ROOT; };
		7D0730321B1A05E6000D416D /* SRWebSocket.h */ = {isa = PBXFileReference; fileEncoding = 4; lastKnownFileType = sourcecode.c.h; name = SRWebSocket.h; path = SocketRocket/SRWebSocket.h; sourceTree = "<group>"; };
		7D0CA9831AF505E3008F72EC /* PlaybackState.swift */ = {isa = PBXFileReference; fileEncoding = 4; lastKnownFileType = sourcecode.swift; path = PlaybackState.swift; sourceTree = "<group>"; };
		7D0CA9851AF50F15008F72EC /* PlayerInfo.swift */ = {isa = PBXFileReference; fileEncoding = 4; lastKnownFileType = sourcecode.swift; path = PlayerInfo.swift; sourceTree = "<group>"; };
		7D0CA9871AF68EC6008F72EC /* EditEndpointController.swift */ = {isa = PBXFileReference; fileEncoding = 4; lastKnownFileType = sourcecode.swift; path = EditEndpointController.swift; sourceTree = "<group>"; };
		7D0CA9891AF68EE7008F72EC /* EndpointsController.swift */ = {isa = PBXFileReference; fileEncoding = 4; lastKnownFileType = sourcecode.swift; path = EndpointsController.swift; sourceTree = "<group>"; };
		7D0CA98B1AF6940B008F72EC /* SettingsController.swift */ = {isa = PBXFileReference; fileEncoding = 4; lastKnownFileType = sourcecode.swift; path = SettingsController.swift; sourceTree = "<group>"; };
		7D0CA98F1AF69950008F72EC /* Endpoint.swift */ = {isa = PBXFileReference; fileEncoding = 4; lastKnownFileType = sourcecode.swift; path = Endpoint.swift; sourceTree = "<group>"; };
		7D0CA9911AF6999E008F72EC /* Protocol.swift */ = {isa = PBXFileReference; fileEncoding = 4; lastKnownFileType = sourcecode.swift; path = Protocol.swift; sourceTree = "<group>"; };
		7D4FF8DC1B40412200C2D634 /* CoverService.swift */ = {isa = PBXFileReference; fileEncoding = 4; lastKnownFileType = sourcecode.swift; path = CoverService.swift; sourceTree = "<group>"; };
		7D4FF8DE1B4068E400C2D634 /* HTTPExtensions.swift */ = {isa = PBXFileReference; fileEncoding = 4; lastKnownFileType = sourcecode.swift; path = HTTPExtensions.swift; sourceTree = "<group>"; };
		7D4FF8E11B41CFED00C2D634 /* StorageSize.swift */ = {isa = PBXFileReference; fileEncoding = 4; lastKnownFileType = sourcecode.swift; path = StorageSize.swift; sourceTree = "<group>"; };
		7D4FF8E31B48637D00C2D634 /* CacheTableController.swift */ = {isa = PBXFileReference; fileEncoding = 4; lastKnownFileType = sourcecode.swift; path = CacheTableController.swift; sourceTree = "<group>"; };
		7D6066E41AEC0EEA0057A67B /* LocalPlaylist.swift */ = {isa = PBXFileReference; fileEncoding = 4; lastKnownFileType = sourcecode.swift; path = LocalPlaylist.swift; sourceTree = "<group>"; };
		7D61A7001AA4E14F00F21622 /* LibraryController.swift */ = {isa = PBXFileReference; fileEncoding = 4; lastKnownFileType = sourcecode.swift; path = LibraryController.swift; sourceTree = "<group>"; };
		7D66863D1B498200003C92E4 /* CacheLimitController.swift */ = {isa = PBXFileReference; fileEncoding = 4; lastKnownFileType = sourcecode.swift; path = CacheLimitController.swift; sourceTree = "<group>"; };
		7D66863F1B49AC34003C92E4 /* CacheInfoController.swift */ = {isa = PBXFileReference; fileEncoding = 4; lastKnownFileType = sourcecode.swift; path = CacheInfoController.swift; sourceTree = "<group>"; };
		7D6756B21AF94BE100BC0CA9 /* ServerType.swift */ = {isa = PBXFileReference; fileEncoding = 4; lastKnownFileType = sourcecode.swift; path = ServerType.swift; sourceTree = "<group>"; };
		7D6756B41AFD4D8A00BC0CA9 /* FilePersistence.swift */ = {isa = PBXFileReference; fileEncoding = 4; lastKnownFileType = sourcecode.swift; path = FilePersistence.swift; sourceTree = "<group>"; };
		7D6756B61AFD55A200BC0CA9 /* PimpSettings.swift */ = {isa = PBXFileReference; fileEncoding = 4; lastKnownFileType = sourcecode.swift; path = PimpSettings.swift; sourceTree = "<group>"; };
		7D6756B81AFD581000BC0CA9 /* PimpJson.swift */ = {isa = PBXFileReference; fileEncoding = 4; lastKnownFileType = sourcecode.swift; path = PimpJson.swift; sourceTree = "<group>"; };
		7D6756BA1B01092E00BC0CA9 /* UserPrefs.swift */ = {isa = PBXFileReference; fileEncoding = 4; lastKnownFileType = sourcecode.swift; path = UserPrefs.swift; sourceTree = "<group>"; };
		7D6756BC1B01094800BC0CA9 /* Persistence.swift */ = {isa = PBXFileReference; fileEncoding = 4; lastKnownFileType = sourcecode.swift; path = Persistence.swift; sourceTree = "<group>"; };
		7D6756BE1B012B9600BC0CA9 /* Json.swift */ = {isa = PBXFileReference; fileEncoding = 4; lastKnownFileType = sourcecode.swift; path = Json.swift; sourceTree = "<group>"; };
		7D6756C21B04D5F100BC0CA9 /* BaseTableController.swift */ = {isa = PBXFileReference; fileEncoding = 4; lastKnownFileType = sourcecode.swift; path = BaseTableController.swift; sourceTree = "<group>"; };
		7D6756C41B0744B100BC0CA9 /* PimpError.swift */ = {isa = PBXFileReference; fileEncoding = 4; lastKnownFileType = sourcecode.swift; path = PimpError.swift; sourceTree = "<group>"; };
		7D6756C61B07CDCA00BC0CA9 /* SourceSettingController.swift */ = {isa = PBXFileReference; fileEncoding = 4; lastKnownFileType = sourcecode.swift; path = SourceSettingController.swift; sourceTree = "<group>"; };
		7D6756C81B07CDD500BC0CA9 /* PlayerSettingController.swift */ = {isa = PBXFileReference; fileEncoding = 4; lastKnownFileType = sourcecode.swift; path = PlayerSettingController.swift; sourceTree = "<group>"; };
		7D6756CA1B08B24A00BC0CA9 /* PlayerManager.swift */ = {isa = PBXFileReference; fileEncoding = 4; lastKnownFileType = sourcecode.swift; path = PlayerManager.swift; sourceTree = "<group>"; };
		7D6756CC1B08B25400BC0CA9 /* LibraryManager.swift */ = {isa = PBXFileReference; fileEncoding = 4; lastKnownFileType = sourcecode.swift; path = LibraryManager.swift; sourceTree = "<group>"; };
		7D6756CE1B08B26200BC0CA9 /* EndpointManager.swift */ = {isa = PBXFileReference; fileEncoding = 4; lastKnownFileType = sourcecode.swift; path = EndpointManager.swift; sourceTree = "<group>"; };
		7D6756D01B08E5ED00BC0CA9 /* EndpointSelectController.swift */ = {isa = PBXFileReference; fileEncoding = 4; lastKnownFileType = sourcecode.swift; path = EndpointSelectController.swift; sourceTree = "<group>"; };
		7D6756D21B091EFE00BC0CA9 /* PlayerType.swift */ = {isa = PBXFileReference; fileEncoding = 4; lastKnownFileType = sourcecode.swift; path = PlayerType.swift; sourceTree = "<group>"; };
		7D6756D41B09200300BC0CA9 /* PlaylistType.swift */ = {isa = PBXFileReference; fileEncoding = 4; lastKnownFileType = sourcecode.swift; path = PlaylistType.swift; sourceTree = "<group>"; };
		7D6756D61B0A64E100BC0CA9 /* LibraryType.swift */ = {isa = PBXFileReference; fileEncoding = 4; lastKnownFileType = sourcecode.swift; path = LibraryType.swift; sourceTree = "<group>"; };
		7D6756D81B0A6AEE00BC0CA9 /* LocalLibrary.swift */ = {isa = PBXFileReference; fileEncoding = 4; lastKnownFileType = sourcecode.swift; path = LocalLibrary.swift; sourceTree = "<group>"; };
		7D6756DA1B0A6FCB00BC0CA9 /* Libraries.swift */ = {isa = PBXFileReference; fileEncoding = 4; lastKnownFileType = sourcecode.swift; path = Libraries.swift; sourceTree = "<group>"; };
		7D6756DC1B0BB95900BC0CA9 /* Players.swift */ = {isa = PBXFileReference; fileEncoding = 4; lastKnownFileType = sourcecode.swift; path = Players.swift; sourceTree = "<group>"; };
		7D748D1C1AC724B5009B0401 /* Util.swift */ = {isa = PBXFileReference; fileEncoding = 4; lastKnownFileType = sourcecode.swift; path = Util.swift; sourceTree = "<group>"; };
		7D78C2901AF3B73D001F0A65 /* Event.swift */ = {isa = PBXFileReference; fileEncoding = 4; lastKnownFileType = sourcecode.swift; path = Event.swift; sourceTree = "<group>"; };
		7D78C2941AF3CCA8001F0A65 /* Disposable.swift */ = {isa = PBXFileReference; fileEncoding = 4; lastKnownFileType = sourcecode.swift; path = Disposable.swift; sourceTree = "<group>"; };
		7D9E48A61AD972A800D5CDDF /* Log.swift */ = {isa = PBXFileReference; fileEncoding = 4; lastKnownFileType = sourcecode.swift; path = Log.swift; sourceTree = "<group>"; };
		7D9E48A91ADA78D900D5CDDF /* LocalPlayer.swift */ = {isa = PBXFileReference; fileEncoding = 4; lastKnownFileType = sourcecode.swift; path = LocalPlayer.swift; sourceTree = "<group>"; };
		7D9E48AB1ADA7FFC00D5CDDF /* Strings.swift */ = {isa = PBXFileReference; fileEncoding = 4; lastKnownFileType = sourcecode.swift; path = Strings.swift; sourceTree = "<group>"; };
		7D9E48AF1ADAE8CB00D5CDDF /* PlayerController.swift */ = {isa = PBXFileReference; fileEncoding = 4; lastKnownFileType = sourcecode.swift; path = PlayerController.swift; sourceTree = "<group>"; };
		7DB1B3A31B0E44BE0012B8AE /* Downloader.swift */ = {isa = PBXFileReference; fileEncoding = 4; lastKnownFileType = sourcecode.swift; path = Downloader.swift; sourceTree = "<group>"; };
		7DB1B3A51B108CD60012B8AE /* Files.swift */ = {isa = PBXFileReference; fileEncoding = 4; lastKnownFileType = sourcecode.swift; path = Files.swift; sourceTree = "<group>"; };
		7DB1B3A81B10C0990012B8AE /* PimpPlayer.swift */ = {isa = PBXFileReference; fileEncoding = 4; lastKnownFileType = sourcecode.swift; path = PimpPlayer.swift; sourceTree = "<group>"; };
		7DB1B3AB1B10CDCF0012B8AE /* PimpLibrary.swift */ = {isa = PBXFileReference; fileEncoding = 4; lastKnownFileType = sourcecode.swift; path = PimpLibrary.swift; sourceTree = "<group>"; };
		7DB1B3AD1B10D8440012B8AE /* Models.swift */ = {isa = PBXFileReference; fileEncoding = 4; lastKnownFileType = sourcecode.swift; path = Models.swift; sourceTree = "<group>"; };
		7DB1B3AF1B10DBFE0012B8AE /* JsonKeys.swift */ = {isa = PBXFileReference; fileEncoding = 4; lastKnownFileType = sourcecode.swift; path = JsonKeys.swift; sourceTree = "<group>"; };
		7DB1B3B11B1102270012B8AE /* PimpPlaylist.swift */ = {isa = PBXFileReference; fileEncoding = 4; lastKnownFileType = sourcecode.swift; path = PimpPlaylist.swift; sourceTree = "<group>"; };
		7DB1B3B31B1102C50012B8AE /* PlayerState.swift */ = {isa = PBXFileReference; fileEncoding = 4; lastKnownFileType = sourcecode.swift; path = PlayerState.swift; sourceTree = "<group>"; };
		7DB1B3B51B11D0590012B8AE /* PimpEndpoint.swift */ = {isa = PBXFileReference; fileEncoding = 4; lastKnownFileType = sourcecode.swift; path = PimpEndpoint.swift; sourceTree = "<group>"; };
		7DB1B3B71B11D2B20012B8AE /* BasePlaylist.swift */ = {isa = PBXFileReference; fileEncoding = 4; lastKnownFileType = sourcecode.swift; path = BasePlaylist.swift; sourceTree = "<group>"; };
		7DB1B3B91B12013A0012B8AE /* BaseLibrary.swift */ = {isa = PBXFileReference; fileEncoding = 4; lastKnownFileType = sourcecode.swift; path = BaseLibrary.swift; sourceTree = "<group>"; };
		7DB1B3BB1B12056E0012B8AE /* PimpTableController.swift */ = {isa = PBXFileReference; fileEncoding = 4; lastKnownFileType = sourcecode.swift; path = PimpTableController.swift; sourceTree = "<group>"; };
		7DBCD79F1B26121A006460D1 /* CloudPlayer.swift */ = {isa = PBXFileReference; fileEncoding = 4; lastKnownFileType = sourcecode.swift; path = CloudPlayer.swift; sourceTree = "<group>"; };
		7DBCD7A11B261227006460D1 /* CloudLibrary.swift */ = {isa = PBXFileReference; fileEncoding = 4; lastKnownFileType = sourcecode.swift; path = CloudLibrary.swift; sourceTree = "<group>"; };
		7DC206A11A1547370032C01D /* MusicPimp.app */ = {isa = PBXFileReference; explicitFileType = wrapper.application; includeInIndex = 0; path = MusicPimp.app; sourceTree = BUILT_PRODUCTS_DIR; };
		7DC206A51A1547370032C01D /* Info.plist */ = {isa = PBXFileReference; lastKnownFileType = text.plist.xml; path = Info.plist; sourceTree = "<group>"; };
		7DC206A61A1547370032C01D /* AppDelegate.swift */ = {isa = PBXFileReference; lastKnownFileType = sourcecode.swift; path = AppDelegate.swift; sourceTree = "<group>"; };
		7DC206AD1A1547370032C01D /* Base */ = {isa = PBXFileReference; lastKnownFileType = file.storyboard; name = Base; path = Base.lproj/Main.storyboard; sourceTree = "<group>"; };
		7DC206AF1A1547370032C01D /* Images.xcassets */ = {isa = PBXFileReference; lastKnownFileType = folder.assetcatalog; path = Images.xcassets; sourceTree = "<group>"; };
		7DC206B21A1547370032C01D /* Base */ = {isa = PBXFileReference; lastKnownFileType = file.xib; name = Base; path = Base.lproj/LaunchScreen.xib; sourceTree = "<group>"; };
		7DC206B81A1547380032C01D /* MusicPimpTests.xctest */ = {isa = PBXFileReference; explicitFileType = wrapper.cfbundle; includeInIndex = 0; path = MusicPimpTests.xctest; sourceTree = BUILT_PRODUCTS_DIR; };
		7DC206BD1A1547380032C01D /* Info.plist */ = {isa = PBXFileReference; lastKnownFileType = text.plist.xml; path = Info.plist; sourceTree = "<group>"; };
		7DC206BE1A1547380032C01D /* MusicPimpTests.swift */ = {isa = PBXFileReference; lastKnownFileType = sourcecode.swift; path = MusicPimpTests.swift; sourceTree = "<group>"; };
		7DC359561B35BE3B003B01B6 /* FontAwesome.ttf */ = {isa = PBXFileReference; lastKnownFileType = file; path = FontAwesome.ttf; sourceTree = "<group>"; };
		7DC3595D1B35C7B3003B01B6 /* String+FontAwesome.swift */ = {isa = PBXFileReference; fileEncoding = 4; lastKnownFileType = sourcecode.swift; name = "String+FontAwesome.swift"; path = "FontAwesome/String+FontAwesome.swift"; sourceTree = "<group>"; };
		7DC3595F1B35C8AD003B01B6 /* NSString+FontAwesome.h */ = {isa = PBXFileReference; fileEncoding = 4; lastKnownFileType = sourcecode.c.h; name = "NSString+FontAwesome.h"; path = "FontAwesome/NSString+FontAwesome.h"; sourceTree = "<group>"; };
		7DC359601B35E73A003B01B6 /* UIFont+FontAwesome.h */ = {isa = PBXFileReference; fileEncoding = 4; lastKnownFileType = sourcecode.c.h; name = "UIFont+FontAwesome.h"; path = "FontAwesome/UIFont+FontAwesome.h"; sourceTree = "<group>"; };
		7DC359611B35E73A003B01B6 /* UIImage+FontAwesome.h */ = {isa = PBXFileReference; fileEncoding = 4; lastKnownFileType = sourcecode.c.h; name = "UIImage+FontAwesome.h"; path = "FontAwesome/UIImage+FontAwesome.h"; sourceTree = "<group>"; };
		7DC359621B35E852003B01B6 /* UIFont+FontAwesome.m */ = {isa = PBXFileReference; fileEncoding = 4; lastKnownFileType = sourcecode.c.objc; name = "UIFont+FontAwesome.m"; path = "FontAwesome/UIFont+FontAwesome.m"; sourceTree = SOURCE_ROOT; };
		7DC359631B35E852003B01B6 /* UIImage+FontAwesome.m */ = {isa = PBXFileReference; fileEncoding = 4; lastKnownFileType = sourcecode.c.objc; name = "UIImage+FontAwesome.m"; path = "FontAwesome/UIImage+FontAwesome.m"; sourceTree = SOURCE_ROOT; };
		7DC359661B35EE3E003B01B6 /* PlayerNavController.swift */ = {isa = PBXFileReference; fileEncoding = 4; lastKnownFileType = sourcecode.swift; path = PlayerNavController.swift; sourceTree = "<group>"; };
		7DC359681B35F196003B01B6 /* PimpTabBarController.swift */ = {isa = PBXFileReference; fileEncoding = 4; lastKnownFileType = sourcecode.swift; path = PimpTabBarController.swift; sourceTree = "<group>"; };
		7DC3596A1B35F649003B01B6 /* NSString+FontAwesome.m */ = {isa = PBXFileReference; fileEncoding = 4; lastKnownFileType = sourcecode.c.objc; name = "NSString+FontAwesome.m"; path = "FontAwesome/NSString+FontAwesome.m"; sourceTree = "<group>"; };
		7DC3596C1B371212003B01B6 /* LibraryNavController.swift */ = {isa = PBXFileReference; fileEncoding = 4; lastKnownFileType = sourcecode.swift; path = LibraryNavController.swift; sourceTree = "<group>"; };
		7DC3596E1B37121F003B01B6 /* PlaylistNavController.swift */ = {isa = PBXFileReference; fileEncoding = 4; lastKnownFileType = sourcecode.swift; path = PlaylistNavController.swift; sourceTree = "<group>"; };
		7DC359701B37122A003B01B6 /* SettingsNavController.swift */ = {isa = PBXFileReference; fileEncoding = 4; lastKnownFileType = sourcecode.swift; path = SettingsNavController.swift; sourceTree = "<group>"; };
		7DC359721B371426003B01B6 /* TabNavController.swift */ = {isa = PBXFileReference; fileEncoding = 4; lastKnownFileType = sourcecode.swift; path = TabNavController.swift; sourceTree = "<group>"; };
		7DC359751B3EEB52003B01B6 /* Duration.swift */ = {isa = PBXFileReference; fileEncoding = 4; lastKnownFileType = sourcecode.swift; path = Duration.swift; sourceTree = "<group>"; };
		7DC359771B3F0A51003B01B6 /* Volume.swift */ = {isa = PBXFileReference; fileEncoding = 4; lastKnownFileType = sourcecode.swift; path = Volume.swift; sourceTree = "<group>"; };
		7DD4918B1ABDA0F4002FD31C /* HttpClient.swift */ = {isa = PBXFileReference; fileEncoding = 4; lastKnownFileType = sourcecode.swift; path = HttpClient.swift; sourceTree = "<group>"; };
		7DD4918D1ABDC358002FD31C /* PimpHttpClient.swift */ = {isa = PBXFileReference; fileEncoding = 4; lastKnownFileType = sourcecode.swift; path = PimpHttpClient.swift; sourceTree = "<group>"; };
		7DDE246B1B5BE871007D810E /* ExternalCommandDelegate.swift */ = {isa = PBXFileReference; fileEncoding = 4; lastKnownFileType = sourcecode.swift; path = ExternalCommandDelegate.swift; sourceTree = "<group>"; };
		7DDE246F1B656DD5007D810E /* PimpUtils.swift */ = {isa = PBXFileReference; fileEncoding = 4; lastKnownFileType = sourcecode.swift; path = PimpUtils.swift; sourceTree = "<group>"; };
		7DDE24711B6E896B007D810E /* PimpMusicItemCell.xib */ = {isa = PBXFileReference; fileEncoding = 4; lastKnownFileType = file.xib; path = PimpMusicItemCell.xib; sourceTree = "<group>"; };
		7DDE24731B6E8ABC007D810E /* PimpMusicItemCell.swift */ = {isa = PBXFileReference; fileEncoding = 4; lastKnownFileType = sourcecode.swift; path = PimpMusicItemCell.swift; sourceTree = "<group>"; };
		7DDE24751B764C3D007D810E /* BackgroundDownloader.swift */ = {isa = PBXFileReference; fileEncoding = 4; lastKnownFileType = sourcecode.swift; path = BackgroundDownloader.swift; sourceTree = "<group>"; };
		7DDE24781B7E5B78007D810E /* Throttler.swift */ = {isa = PBXFileReference; fileEncoding = 4; lastKnownFileType = sourcecode.swift; path = Throttler.swift; sourceTree = "<group>"; };
		7DDE247A1B7E6139007D810E /* CacheManager.swift */ = {isa = PBXFileReference; fileEncoding = 4; lastKnownFileType = sourcecode.swift; path = CacheManager.swift; sourceTree = "<group>"; };
		7DF5C00B1AED50B300F25B9B /* Arrays.swift */ = {isa = PBXFileReference; fileEncoding = 4; lastKnownFileType = sourcecode.swift; path = Arrays.swift; sourceTree = "<group>"; };
		7DF5C00E1AF3853800F25B9B /* PlaylistController.swift */ = {isa = PBXFileReference; fileEncoding = 4; lastKnownFileType = sourcecode.swift; path = PlaylistController.swift; sourceTree = "<group>"; };
/* End PBXFileReference section */

/* Begin PBXFrameworksBuildPhase section */
		7DC2069E1A1547370032C01D /* Frameworks */ = {
			isa = PBXFrameworksBuildPhase;
			buildActionMask = 2147483647;
			files = (
				7D0730761B1A0DA3000D416D /* libicucore.dylib in Frameworks */,
			);
			runOnlyForDeploymentPostprocessing = 0;
		};
		7DC206B51A1547380032C01D /* Frameworks */ = {
			isa = PBXFrameworksBuildPhase;
			buildActionMask = 2147483647;
			files = (
			);
			runOnlyForDeploymentPostprocessing = 0;
		};
/* End PBXFrameworksBuildPhase section */

/* Begin PBXGroup section */
		0CD472E30B85058D8F8A8666 /* Frameworks */ = {
			isa = PBXGroup;
			children = (
				7D0730221B123C7D000D416D /* libicucore.dylib */,
				7D0730201B123C6D000D416D /* CFNetwork.framework */,
				7D07301E1B123C5E000D416D /* Security.framework */,
				7D07301C1B123C52000D416D /* Foundation.framework */,
				1BE3548DC70AC366EDEEE0B3 /* libPods-MusicPimp.a */,
			);
			name = Frameworks;
			sourceTree = "<group>";
		};
		3DD0E81B48B55DD61B806DE1 /* Pods */ = {
			isa = PBXGroup;
			children = (
				0AFD02AC2476A77033EC5E76 /* Pods-MusicPimp.debug.xcconfig */,
				565D35CA22DF7A73D3BE5F17 /* Pods-MusicPimp.release.xcconfig */,
			);
			name = Pods;
			sourceTree = "<group>";
		};
		7D07302B1B1390A0000D416D /* SocketRocket */ = {
			isa = PBXGroup;
			children = (
				7D0730321B1A05E6000D416D /* SRWebSocket.h */,
			);
			name = SocketRocket;
			sourceTree = "<group>";
		};
		7D0CA9931AF699C6008F72EC /* Network */ = {
			isa = PBXGroup;
			children = (
				7DB1B3A31B0E44BE0012B8AE /* Downloader.swift */,
				7D072FEE1B12394E000D416D /* PlayerSocket.swift */,
				7D4FF8DC1B40412200C2D634 /* CoverService.swift */,
				7D4FF8DE1B4068E400C2D634 /* HTTPExtensions.swift */,
				7DDE24751B764C3D007D810E /* BackgroundDownloader.swift */,
			);
			name = Network;
			sourceTree = "<group>";
		};
		7D4FF8E01B41AC8700C2D634 /* Files */ = {
			isa = PBXGroup;
			children = (
				7DB1B3A51B108CD60012B8AE /* Files.swift */,
				7D4FF8E11B41CFED00C2D634 /* StorageSize.swift */,
			);
			name = Files;
			sourceTree = "<group>";
		};
		7D9E48A81ADA78C500D5CDDF /* Audio */ = {
			isa = PBXGroup;
			children = (
				7DB1B3B91B12013A0012B8AE /* BaseLibrary.swift */,
				7DB1B3B71B11D2B20012B8AE /* BasePlaylist.swift */,
				7DB1B3AF1B10DBFE0012B8AE /* JsonKeys.swift */,
				7D6756DA1B0A6FCB00BC0CA9 /* Libraries.swift */,
				7D6756D61B0A64E100BC0CA9 /* LibraryType.swift */,
				7D0CA9851AF50F15008F72EC /* PlayerInfo.swift */,
				7D6756DC1B0BB95900BC0CA9 /* Players.swift */,
				7D0CA9831AF505E3008F72EC /* PlaybackState.swift */,
				7DB1B3B31B1102C50012B8AE /* PlayerState.swift */,
				7D6756D21B091EFE00BC0CA9 /* PlayerType.swift */,
				7D6756D41B09200300BC0CA9 /* PlaylistType.swift */,
				7D0660071B1B712100C6DB15 /* PlayerEventDelegate.swift */,
				7DC359771B3F0A51003B01B6 /* Volume.swift */,
			);
			name = Audio;
			sourceTree = "<group>";
		};
		7DB1B3A71B10C08A0012B8AE /* Pimp */ = {
			isa = PBXGroup;
			children = (
				7DD4918D1ABDC358002FD31C /* PimpHttpClient.swift */,
				7DB1B3A81B10C0990012B8AE /* PimpPlayer.swift */,
				7DB1B3AB1B10CDCF0012B8AE /* PimpLibrary.swift */,
				7DB1B3B11B1102270012B8AE /* PimpPlaylist.swift */,
				7DB1B3B51B11D0590012B8AE /* PimpEndpoint.swift */,
				7D0660051B1B573500C6DB15 /* PimpSocket.swift */,
				7DDE246F1B656DD5007D810E /* PimpUtils.swift */,
			);
			name = Pimp;
			sourceTree = "<group>";
		};
		7DB1B3AA1B10CC790012B8AE /* Local */ = {
			isa = PBXGroup;
			children = (
				7D9E48A91ADA78D900D5CDDF /* LocalPlayer.swift */,
				7D6066E41AEC0EEA0057A67B /* LocalPlaylist.swift */,
				7D6756D81B0A6AEE00BC0CA9 /* LocalLibrary.swift */,
				7DDE246B1B5BE871007D810E /* ExternalCommandDelegate.swift */,
				7DDE247A1B7E6139007D810E /* CacheManager.swift */,
			);
			name = Local;
			sourceTree = "<group>";
		};
		7DBCD79E1B26120C006460D1 /* Cloud */ = {
			isa = PBXGroup;
			children = (
				7DBCD79F1B26121A006460D1 /* CloudPlayer.swift */,
				7DBCD7A11B261227006460D1 /* CloudLibrary.swift */,
			);
			name = Cloud;
			sourceTree = "<group>";
		};
		7DBCD7A31B28B547006460D1 /* ViewControllers */ = {
			isa = PBXGroup;
			children = (
				7D6756C21B04D5F100BC0CA9 /* BaseTableController.swift */,
				7D0CA9871AF68EC6008F72EC /* EditEndpointController.swift */,
				7D0CA9891AF68EE7008F72EC /* EndpointsController.swift */,
				7D6756D01B08E5ED00BC0CA9 /* EndpointSelectController.swift */,
				7D61A7001AA4E14F00F21622 /* LibraryController.swift */,
				7DC3596C1B371212003B01B6 /* LibraryNavController.swift */,
				7DC359681B35F196003B01B6 /* PimpTabBarController.swift */,
				7DB1B3BB1B12056E0012B8AE /* PimpTableController.swift */,
				7D9E48AF1ADAE8CB00D5CDDF /* PlayerController.swift */,
				7DC359661B35EE3E003B01B6 /* PlayerNavController.swift */,
				7D6756C81B07CDD500BC0CA9 /* PlayerSettingController.swift */,
				7DF5C00E1AF3853800F25B9B /* PlaylistController.swift */,
				7DC3596E1B37121F003B01B6 /* PlaylistNavController.swift */,
				7D0CA98B1AF6940B008F72EC /* SettingsController.swift */,
				7DC359701B37122A003B01B6 /* SettingsNavController.swift */,
				7D6756C61B07CDCA00BC0CA9 /* SourceSettingController.swift */,
				7DC359621B35E852003B01B6 /* UIFont+FontAwesome.m */,
				7DC359631B35E852003B01B6 /* UIImage+FontAwesome.m */,
				7DC359721B371426003B01B6 /* TabNavController.swift */,
				7D4FF8E31B48637D00C2D634 /* CacheTableController.swift */,
				7D66863D1B498200003C92E4 /* CacheLimitController.swift */,
				7D66863F1B49AC34003C92E4 /* CacheInfoController.swift */,
			);
			name = ViewControllers;
			sourceTree = "<group>";
		};
		7DC206981A1547370032C01D = {
			isa = PBXGroup;
			children = (
				1A6A61E06A765CCD8765B423 /* .gitignore */,
				7DC359551B35BDD8003B01B6 /* Assets */,
				7DC359561B35BE3B003B01B6 /* FontAwesome.ttf */,
				0CD472E30B85058D8F8A8666 /* Frameworks */,
				7DC206A31A1547370032C01D /* MusicPimp */,
				7D07302D1B1390D8000D416D /* MusicPimp-Bridging-Header.h */,
				7DC206BB1A1547380032C01D /* MusicPimpTests */,
				7DC3595F1B35C8AD003B01B6 /* NSString+FontAwesome.h */,
				7DC3596A1B35F649003B01B6 /* NSString+FontAwesome.m */,
				3DD0E81B48B55DD61B806DE1 /* Pods */,
				7DC206A21A1547370032C01D /* Products */,
				7D07302B1B1390A0000D416D /* SocketRocket */,
				7DC3595D1B35C7B3003B01B6 /* String+FontAwesome.swift */,
				7DC359601B35E73A003B01B6 /* UIFont+FontAwesome.h */,
				7DC359611B35E73A003B01B6 /* UIImage+FontAwesome.h */,
			);
			sourceTree = "<group>";
		};
		7DC206A21A1547370032C01D /* Products */ = {
			isa = PBXGroup;
			children = (
				7DC206A11A1547370032C01D /* MusicPimp.app */,
				7DC206B81A1547380032C01D /* MusicPimpTests.xctest */,
			);
			name = Products;
			sourceTree = "<group>";
		};
		7DC206A31A1547370032C01D /* MusicPimp */ = {
			isa = PBXGroup;
			children = (
				7DC206A61A1547370032C01D /* AppDelegate.swift */,
				7DF5C00B1AED50B300F25B9B /* Arrays.swift */,
				7D9E48A81ADA78C500D5CDDF /* Audio */,
				7DBCD79E1B26120C006460D1 /* Cloud */,
				7D78C2941AF3CCA8001F0A65 /* Disposable.swift */,
				7D0CA98F1AF69950008F72EC /* Endpoint.swift */,
				7D6756CE1B08B26200BC0CA9 /* EndpointManager.swift */,
				7D78C2901AF3B73D001F0A65 /* Event.swift */,
				7D6756B41AFD4D8A00BC0CA9 /* FilePersistence.swift */,
				7D4FF8E01B41AC8700C2D634 /* Files */,
				7DD4918B1ABDA0F4002FD31C /* HttpClient.swift */,
				7DC206AF1A1547370032C01D /* Images.xcassets */,
				7D6756BE1B012B9600BC0CA9 /* Json.swift */,
				7DC206B11A1547370032C01D /* LaunchScreen.xib */,
				7D6756CC1B08B25400BC0CA9 /* LibraryManager.swift */,
				7DB1B3AA1B10CC790012B8AE /* Local */,
				7D9E48A61AD972A800D5CDDF /* Log.swift */,
				7DC206AC1A1547370032C01D /* Main.storyboard */,
				7DB1B3AD1B10D8440012B8AE /* Models.swift */,
				7D0CA9931AF699C6008F72EC /* Network */,
				7D6756BC1B01094800BC0CA9 /* Persistence.swift */,
				7DB1B3A71B10C08A0012B8AE /* Pimp */,
				7D6756C41B0744B100BC0CA9 /* PimpError.swift */,
				7D6756B81AFD581000BC0CA9 /* PimpJson.swift */,
				7DDE24731B6E8ABC007D810E /* PimpMusicItemCell.swift */,
				7DDE24711B6E896B007D810E /* PimpMusicItemCell.xib */,
				7D6756B61AFD55A200BC0CA9 /* PimpSettings.swift */,
				7D6756CA1B08B24A00BC0CA9 /* PlayerManager.swift */,
				7D0CA9911AF6999E008F72EC /* Protocol.swift */,
				7D6756B21AF94BE100BC0CA9 /* ServerType.swift */,
				7D0730301B1A0400000D416D /* SRWebSocket.m */,
				7D9E48AB1ADA7FFC00D5CDDF /* Strings.swift */,
				7DC206A41A1547370032C01D /* Supporting Files */,
				7DC359741B3EEB41003B01B6 /* Time */,
				7D6756BA1B01092E00BC0CA9 /* UserPrefs.swift */,
				7D748D1C1AC724B5009B0401 /* Util.swift */,
				7DBCD7A31B28B547006460D1 /* ViewControllers */,
				7DDE24781B7E5B78007D810E /* Throttler.swift */,
			);
			path = MusicPimp;
			sourceTree = "<group>";
		};
		7DC206A41A1547370032C01D /* Supporting Files */ = {
			isa = PBXGroup;
			children = (
				7DC206A51A1547370032C01D /* Info.plist */,
			);
			name = "Supporting Files";
			sourceTree = "<group>";
		};
		7DC206BB1A1547380032C01D /* MusicPimpTests */ = {
			isa = PBXGroup;
			children = (
				7DC206BE1A1547380032C01D /* MusicPimpTests.swift */,
				7DC206BC1A1547380032C01D /* Supporting Files */,
			);
			path = MusicPimpTests;
			sourceTree = "<group>";
		};
		7DC206BC1A1547380032C01D /* Supporting Files */ = {
			isa = PBXGroup;
			children = (
				7DC206BD1A1547380032C01D /* Info.plist */,
			);
			name = "Supporting Files";
			sourceTree = "<group>";
		};
		7DC359551B35BDD8003B01B6 /* Assets */ = {
			isa = PBXGroup;
			children = (
			);
			name = Assets;
			sourceTree = "<group>";
		};
		7DC359741B3EEB41003B01B6 /* Time */ = {
			isa = PBXGroup;
			children = (
				7DC359751B3EEB52003B01B6 /* Duration.swift */,
			);
			name = Time;
			sourceTree = "<group>";
		};
/* End PBXGroup section */

/* Begin PBXNativeTarget section */
		7DC206A01A1547370032C01D /* MusicPimp */ = {
			isa = PBXNativeTarget;
			buildConfigurationList = 7DC206C21A1547380032C01D /* Build configuration list for PBXNativeTarget "MusicPimp" */;
			buildPhases = (
				7DC2069D1A1547370032C01D /* Sources */,
				7DC2069E1A1547370032C01D /* Frameworks */,
				7DC2069F1A1547370032C01D /* Resources */,
			);
			buildRules = (
			);
			dependencies = (
			);
			name = MusicPimp;
			productName = MusicPimp;
			productReference = 7DC206A11A1547370032C01D /* MusicPimp.app */;
			productType = "com.apple.product-type.application";
		};
		7DC206B71A1547380032C01D /* MusicPimpTests */ = {
			isa = PBXNativeTarget;
			buildConfigurationList = 7DC206C51A1547380032C01D /* Build configuration list for PBXNativeTarget "MusicPimpTests" */;
			buildPhases = (
				7DC206B41A1547380032C01D /* Sources */,
				7DC206B51A1547380032C01D /* Frameworks */,
				7DC206B61A1547380032C01D /* Resources */,
			);
			buildRules = (
			);
			dependencies = (
				7DC206BA1A1547380032C01D /* PBXTargetDependency */,
			);
			name = MusicPimpTests;
			productName = MusicPimpTests;
			productReference = 7DC206B81A1547380032C01D /* MusicPimpTests.xctest */;
			productType = "com.apple.product-type.bundle.unit-test";
		};
/* End PBXNativeTarget section */

/* Begin PBXProject section */
		7DC206991A1547370032C01D /* Project object */ = {
			isa = PBXProject;
			attributes = {
				LastUpgradeCheck = 0610;
				ORGANIZATIONNAME = "Skogberg Labs";
				TargetAttributes = {
					7DC206A01A1547370032C01D = {
						CreatedOnToolsVersion = 6.1;
						SystemCapabilities = {
							com.apple.BackgroundModes = {
								enabled = 1;
							};
						};
					};
					7DC206B71A1547380032C01D = {
						CreatedOnToolsVersion = 6.1;
						TestTargetID = 7DC206A01A1547370032C01D;
					};
				};
			};
			buildConfigurationList = 7DC2069C1A1547370032C01D /* Build configuration list for PBXProject "MusicPimp" */;
			compatibilityVersion = "Xcode 3.2";
			developmentRegion = English;
			hasScannedForEncodings = 0;
			knownRegions = (
				en,
				Base,
			);
			mainGroup = 7DC206981A1547370032C01D;
			productRefGroup = 7DC206A21A1547370032C01D /* Products */;
			projectDirPath = "";
			projectRoot = "";
			targets = (
				7DC206A01A1547370032C01D /* MusicPimp */,
				7DC206B71A1547380032C01D /* MusicPimpTests */,
			);
		};
/* End PBXProject section */

/* Begin PBXResourcesBuildPhase section */
		7DC2069F1A1547370032C01D /* Resources */ = {
			isa = PBXResourcesBuildPhase;
			buildActionMask = 2147483647;
			files = (
				7DC206AE1A1547370032C01D /* Main.storyboard in Resources */,
				7DC206B31A1547370032C01D /* LaunchScreen.xib in Resources */,
				7DC206B01A1547370032C01D /* Images.xcassets in Resources */,
				7DC359571B35BE3B003B01B6 /* FontAwesome.ttf in Resources */,
				7DDE24721B6E896B007D810E /* PimpMusicItemCell.xib in Resources */,
			);
			runOnlyForDeploymentPostprocessing = 0;
		};
		7DC206B61A1547380032C01D /* Resources */ = {
			isa = PBXResourcesBuildPhase;
			buildActionMask = 2147483647;
			files = (
			);
			runOnlyForDeploymentPostprocessing = 0;
		};
/* End PBXResourcesBuildPhase section */

/* Begin PBXSourcesBuildPhase section */
		7DC2069D1A1547370032C01D /* Sources */ = {
			isa = PBXSourcesBuildPhase;
			buildActionMask = 2147483647;
			files = (
				7D61A7011AA4E14F00F21622 /* LibraryController.swift in Sources */,
				7DC3596F1B37121F003B01B6 /* PlaylistNavController.swift in Sources */,
				7DB1B3B21B1102270012B8AE /* PimpPlaylist.swift in Sources */,
				7DB1B3A61B108CD60012B8AE /* Files.swift in Sources */,
				7D748D1D1AC724B5009B0401 /* Util.swift in Sources */,
				7D0730311B1A0400000D416D /* SRWebSocket.m in Sources */,
				7DF5C00F1AF3853800F25B9B /* PlaylistController.swift in Sources */,
				7DB1B3AE1B10D8440012B8AE /* Models.swift in Sources */,
				7D6756B91AFD581000BC0CA9 /* PimpJson.swift in Sources */,
				7D6756B71AFD55A200BC0CA9 /* PimpSettings.swift in Sources */,
				7D6756D91B0A6AEE00BC0CA9 /* LocalLibrary.swift in Sources */,
				7D9E48A71AD972A800D5CDDF /* Log.swift in Sources */,
				7DC359641B35E853003B01B6 /* UIFont+FontAwesome.m in Sources */,
				7D78C2951AF3CCA8001F0A65 /* Disposable.swift in Sources */,
				7D6756C91B07CDD500BC0CA9 /* PlayerSettingController.swift in Sources */,
				7D9E48AA1ADA78D900D5CDDF /* LocalPlayer.swift in Sources */,
				7D6756CF1B08B26200BC0CA9 /* EndpointManager.swift in Sources */,
				7DDE24701B656DD5007D810E /* PimpUtils.swift in Sources */,
				7D6756D11B08E5ED00BC0CA9 /* EndpointSelectController.swift in Sources */,
				7DBCD7A01B26121A006460D1 /* CloudPlayer.swift in Sources */,
				7D4FF8DF1B4068E400C2D634 /* HTTPExtensions.swift in Sources */,
				7D6066E51AEC0EEA0057A67B /* LocalPlaylist.swift in Sources */,
				7DC206A71A1547370032C01D /* AppDelegate.swift in Sources */,
				7D072FEF1B12394E000D416D /* PlayerSocket.swift in Sources */,
				7DB1B3A41B0E44BE0012B8AE /* Downloader.swift in Sources */,
				7DC359731B371426003B01B6 /* TabNavController.swift in Sources */,
				7D0CA9901AF69950008F72EC /* Endpoint.swift in Sources */,
				7D0CA9861AF50F15008F72EC /* PlayerInfo.swift in Sources */,
				7D6756D31B091EFE00BC0CA9 /* PlayerType.swift in Sources */,
				7D6686401B49AC34003C92E4 /* CacheInfoController.swift in Sources */,
				7D0660061B1B573500C6DB15 /* PimpSocket.swift in Sources */,
				7DC3596B1B35F649003B01B6 /* NSString+FontAwesome.m in Sources */,
				7D9E48B01ADAE8CB00D5CDDF /* PlayerController.swift in Sources */,
				7DB1B3B61B11D0590012B8AE /* PimpEndpoint.swift in Sources */,
				7D0CA9841AF505E3008F72EC /* PlaybackState.swift in Sources */,
				7D6756DB1B0A6FCB00BC0CA9 /* Libraries.swift in Sources */,
				7D0CA9921AF6999E008F72EC /* Protocol.swift in Sources */,
				7DF5C00C1AED50B300F25B9B /* Arrays.swift in Sources */,
				7D6756CB1B08B24A00BC0CA9 /* PlayerManager.swift in Sources */,
				7D0CA98A1AF68EE7008F72EC /* EndpointsController.swift in Sources */,
				7D0660081B1B712100C6DB15 /* PlayerEventDelegate.swift in Sources */,
				7DB1B3A91B10C0990012B8AE /* PimpPlayer.swift in Sources */,
				7DC359781B3F0A51003B01B6 /* Volume.swift in Sources */,
				7DB1B3AC1B10CDD00012B8AE /* PimpLibrary.swift in Sources */,
				7DDE24761B764C3D007D810E /* BackgroundDownloader.swift in Sources */,
				7D6756DD1B0BB95900BC0CA9 /* Players.swift in Sources */,
				7DB1B3B41B1102C50012B8AE /* PlayerState.swift in Sources */,
				7D78C2911AF3B73D001F0A65 /* Event.swift in Sources */,
				7D6756D71B0A64E100BC0CA9 /* LibraryType.swift in Sources */,
				7D4FF8DD1B40412200C2D634 /* CoverService.swift in Sources */,
				7D0CA9881AF68EC6008F72EC /* EditEndpointController.swift in Sources */,
				7DC359671B35EE3E003B01B6 /* PlayerNavController.swift in Sources */,
				7D0CA98C1AF6940B008F72EC /* SettingsController.swift in Sources */,
				7D6756BF1B012B9600BC0CA9 /* Json.swift in Sources */,
				7D6756CD1B08B25400BC0CA9 /* LibraryManager.swift in Sources */,
				7DC3596D1B371212003B01B6 /* LibraryNavController.swift in Sources */,
				7DD4918E1ABDC358002FD31C /* PimpHttpClient.swift in Sources */,
				7D6756C71B07CDCA00BC0CA9 /* SourceSettingController.swift in Sources */,
				7D6756B31AF94BE100BC0CA9 /* ServerType.swift in Sources */,
				7DC359711B37122A003B01B6 /* SettingsNavController.swift in Sources */,
				7DB1B3BA1B12013A0012B8AE /* BaseLibrary.swift in Sources */,
				7D6756B51AFD4D8A00BC0CA9 /* FilePersistence.swift in Sources */,
				7DDE24791B7E5B78007D810E /* Throttler.swift in Sources */,
				7DBCD7A21B261227006460D1 /* CloudLibrary.swift in Sources */,
				7D6756C31B04D5F100BC0CA9 /* BaseTableController.swift in Sources */,
				7DC359691B35F196003B01B6 /* PimpTabBarController.swift in Sources */,
				7DC3595E1B35C7B3003B01B6 /* String+FontAwesome.swift in Sources */,
				7D6756BB1B01092E00BC0CA9 /* UserPrefs.swift in Sources */,
				7D4FF8E21B41CFED00C2D634 /* StorageSize.swift in Sources */,
				7D6756C51B0744B100BC0CA9 /* PimpError.swift in Sources */,
				7DB1B3B81B11D2B20012B8AE /* BasePlaylist.swift in Sources */,
				7DD4918C1ABDA0F4002FD31C /* HttpClient.swift in Sources */,
				7D9E48AC1ADA7FFC00D5CDDF /* Strings.swift in Sources */,
				7D6756BD1B01094800BC0CA9 /* Persistence.swift in Sources */,
				7DDE246C1B5BE871007D810E /* ExternalCommandDelegate.swift in Sources */,
				7DC359761B3EEB52003B01B6 /* Duration.swift in Sources */,
				7DDE247B1B7E6139007D810E /* CacheManager.swift in Sources */,
				7D6756D51B09200300BC0CA9 /* PlaylistType.swift in Sources */,
				7D66863E1B498200003C92E4 /* CacheLimitController.swift in Sources */,
				7DB1B3BC1B12056E0012B8AE /* PimpTableController.swift in Sources */,
				7D4FF8E41B48637D00C2D634 /* CacheTableController.swift in Sources */,
				7DB1B3B01B10DBFE0012B8AE /* JsonKeys.swift in Sources */,
				7DDE24741B6E8ABC007D810E /* PimpMusicItemCell.swift in Sources */,
				7DC359651B35E853003B01B6 /* UIImage+FontAwesome.m in Sources */,
			);
			runOnlyForDeploymentPostprocessing = 0;
		};
		7DC206B41A1547380032C01D /* Sources */ = {
			isa = PBXSourcesBuildPhase;
			buildActionMask = 2147483647;
			files = (
				7DC206BF1A1547380032C01D /* MusicPimpTests.swift in Sources */,
			);
			runOnlyForDeploymentPostprocessing = 0;
		};
/* End PBXSourcesBuildPhase section */

/* Begin PBXTargetDependency section */
		7DC206BA1A1547380032C01D /* PBXTargetDependency */ = {
			isa = PBXTargetDependency;
			target = 7DC206A01A1547370032C01D /* MusicPimp */;
			targetProxy = 7DC206B91A1547380032C01D /* PBXContainerItemProxy */;
		};
/* End PBXTargetDependency section */

/* Begin PBXVariantGroup section */
		7DC206AC1A1547370032C01D /* Main.storyboard */ = {
			isa = PBXVariantGroup;
			children = (
				7DC206AD1A1547370032C01D /* Base */,
			);
			name = Main.storyboard;
			sourceTree = "<group>";
		};
		7DC206B11A1547370032C01D /* LaunchScreen.xib */ = {
			isa = PBXVariantGroup;
			children = (
				7DC206B21A1547370032C01D /* Base */,
			);
			name = LaunchScreen.xib;
			sourceTree = "<group>";
		};
/* End PBXVariantGroup section */

/* Begin XCBuildConfiguration section */
		7DC206C01A1547380032C01D /* Debug */ = {
			isa = XCBuildConfiguration;
			buildSettings = {
				ALWAYS_SEARCH_USER_PATHS = NO;
				CLANG_CXX_LANGUAGE_STANDARD = "gnu++0x";
				CLANG_CXX_LIBRARY = "libc++";
				CLANG_ENABLE_MODULES = YES;
				CLANG_ENABLE_OBJC_ARC = YES;
				CLANG_WARN_BOOL_CONVERSION = YES;
				CLANG_WARN_CONSTANT_CONVERSION = YES;
				CLANG_WARN_DIRECT_OBJC_ISA_USAGE = YES_ERROR;
				CLANG_WARN_EMPTY_BODY = YES;
				CLANG_WARN_ENUM_CONVERSION = YES;
				CLANG_WARN_INT_CONVERSION = YES;
				CLANG_WARN_OBJC_ROOT_CLASS = YES_ERROR;
				CLANG_WARN_UNREACHABLE_CODE = YES;
				CLANG_WARN__DUPLICATE_METHOD_MATCH = YES;
				"CODE_SIGN_IDENTITY[sdk=iphoneos*]" = "iPhone Developer";
				COPY_PHASE_STRIP = NO;
				ENABLE_STRICT_OBJC_MSGSEND = YES;
				GCC_C_LANGUAGE_STANDARD = gnu99;
				GCC_DYNAMIC_NO_PIC = NO;
				GCC_OPTIMIZATION_LEVEL = 0;
				GCC_PREPROCESSOR_DEFINITIONS = (
					"DEBUG=1",
					"$(inherited)",
				);
				GCC_SYMBOLS_PRIVATE_EXTERN = NO;
				GCC_WARN_64_TO_32_BIT_CONVERSION = YES;
				GCC_WARN_ABOUT_RETURN_TYPE = YES_ERROR;
				GCC_WARN_UNDECLARED_SELECTOR = YES;
				GCC_WARN_UNINITIALIZED_AUTOS = YES_AGGRESSIVE;
				GCC_WARN_UNUSED_FUNCTION = YES;
				GCC_WARN_UNUSED_VARIABLE = YES;
				IPHONEOS_DEPLOYMENT_TARGET = 8.1;
				MTL_ENABLE_DEBUG_INFO = YES;
				ONLY_ACTIVE_ARCH = YES;
				SDKROOT = iphoneos;
				SWIFT_OBJC_BRIDGING_HEADER = "";
				SWIFT_OPTIMIZATION_LEVEL = "-Onone";
				TARGETED_DEVICE_FAMILY = "1,2";
			};
			name = Debug;
		};
		7DC206C11A1547380032C01D /* Release */ = {
			isa = XCBuildConfiguration;
			buildSettings = {
				ALWAYS_SEARCH_USER_PATHS = NO;
				CLANG_CXX_LANGUAGE_STANDARD = "gnu++0x";
				CLANG_CXX_LIBRARY = "libc++";
				CLANG_ENABLE_MODULES = YES;
				CLANG_ENABLE_OBJC_ARC = YES;
				CLANG_WARN_BOOL_CONVERSION = YES;
				CLANG_WARN_CONSTANT_CONVERSION = YES;
				CLANG_WARN_DIRECT_OBJC_ISA_USAGE = YES_ERROR;
				CLANG_WARN_EMPTY_BODY = YES;
				CLANG_WARN_ENUM_CONVERSION = YES;
				CLANG_WARN_INT_CONVERSION = YES;
				CLANG_WARN_OBJC_ROOT_CLASS = YES_ERROR;
				CLANG_WARN_UNREACHABLE_CODE = YES;
				CLANG_WARN__DUPLICATE_METHOD_MATCH = YES;
				"CODE_SIGN_IDENTITY[sdk=iphoneos*]" = "iPhone Developer";
				COPY_PHASE_STRIP = YES;
				ENABLE_NS_ASSERTIONS = NO;
				ENABLE_STRICT_OBJC_MSGSEND = YES;
				GCC_C_LANGUAGE_STANDARD = gnu99;
				GCC_WARN_64_TO_32_BIT_CONVERSION = YES;
				GCC_WARN_ABOUT_RETURN_TYPE = YES_ERROR;
				GCC_WARN_UNDECLARED_SELECTOR = YES;
				GCC_WARN_UNINITIALIZED_AUTOS = YES_AGGRESSIVE;
				GCC_WARN_UNUSED_FUNCTION = YES;
				GCC_WARN_UNUSED_VARIABLE = YES;
				IPHONEOS_DEPLOYMENT_TARGET = 8.1;
				MTL_ENABLE_DEBUG_INFO = NO;
				SDKROOT = iphoneos;
				SWIFT_OBJC_BRIDGING_HEADER = "";
				TARGETED_DEVICE_FAMILY = "1,2";
				VALIDATE_PRODUCT = YES;
			};
			name = Release;
		};
		7DC206C31A1547380032C01D /* Debug */ = {
			isa = XCBuildConfiguration;
			buildSettings = {
				ASSETCATALOG_COMPILER_APPICON_NAME = AppIcon;
				INFOPLIST_FILE = MusicPimp/Info.plist;
				LD_RUNPATH_SEARCH_PATHS = "$(inherited) @executable_path/Frameworks";
				PRODUCT_NAME = "$(TARGET_NAME)";
				SWIFT_OBJC_BRIDGING_HEADER = "MusicPimp-Bridging-Header.h";
			};
			name = Debug;
		};
		7DC206C41A1547380032C01D /* Release */ = {
			isa = XCBuildConfiguration;
			buildSettings = {
				ASSETCATALOG_COMPILER_APPICON_NAME = AppIcon;
				INFOPLIST_FILE = MusicPimp/Info.plist;
				LD_RUNPATH_SEARCH_PATHS = "$(inherited) @executable_path/Frameworks";
				PRODUCT_NAME = "$(TARGET_NAME)";
				SWIFT_OBJC_BRIDGING_HEADER = "MusicPimp-Bridging-Header.h";
			};
			name = Release;
		};
		7DC206C61A1547380032C01D /* Debug */ = {
			isa = XCBuildConfiguration;
			buildSettings = {
				BUNDLE_LOADER = "$(TEST_HOST)";
				FRAMEWORK_SEARCH_PATHS = (
					"$(SDKROOT)/Developer/Library/Frameworks",
					"$(inherited)",
				);
				GCC_PREPROCESSOR_DEFINITIONS = (
					"DEBUG=1",
					"$(inherited)",
				);
				INFOPLIST_FILE = MusicPimpTests/Info.plist;
				LD_RUNPATH_SEARCH_PATHS = "$(inherited) @executable_path/Frameworks @loader_path/Frameworks";
				PRODUCT_NAME = "$(TARGET_NAME)";
				TEST_HOST = "$(BUILT_PRODUCTS_DIR)/MusicPimp.app/MusicPimp";
			};
			name = Debug;
		};
		7DC206C71A1547380032C01D /* Release */ = {
			isa = XCBuildConfiguration;
			buildSettings = {
				BUNDLE_LOADER = "$(TEST_HOST)";
				FRAMEWORK_SEARCH_PATHS = (
					"$(SDKROOT)/Developer/Library/Frameworks",
					"$(inherited)",
				);
				INFOPLIST_FILE = MusicPimpTests/Info.plist;
				LD_RUNPATH_SEARCH_PATHS = "$(inherited) @executable_path/Frameworks @loader_path/Frameworks";
				PRODUCT_NAME = "$(TARGET_NAME)";
				TEST_HOST = "$(BUILT_PRODUCTS_DIR)/MusicPimp.app/MusicPimp";
			};
			name = Release;
		};
/* End XCBuildConfiguration section */

/* Begin XCConfigurationList section */
		7DC2069C1A1547370032C01D /* Build configuration list for PBXProject "MusicPimp" */ = {
			isa = XCConfigurationList;
			buildConfigurations = (
				7DC206C01A1547380032C01D /* Debug */,
				7DC206C11A1547380032C01D /* Release */,
			);
			defaultConfigurationIsVisible = 0;
			defaultConfigurationName = Release;
		};
		7DC206C21A1547380032C01D /* Build configuration list for PBXNativeTarget "MusicPimp" */ = {
			isa = XCConfigurationList;
			buildConfigurations = (
				7DC206C31A1547380032C01D /* Debug */,
				7DC206C41A1547380032C01D /* Release */,
			);
			defaultConfigurationIsVisible = 0;
			defaultConfigurationName = Release;
		};
		7DC206C51A1547380032C01D /* Build configuration list for PBXNativeTarget "MusicPimpTests" */ = {
			isa = XCConfigurationList;
			buildConfigurations = (
				7DC206C61A1547380032C01D /* Debug */,
				7DC206C71A1547380032C01D /* Release */,
			);
			defaultConfigurationIsVisible = 0;
			defaultConfigurationName = Release;
		};
/* End XCConfigurationList section */
	};
	rootObject = 7DC206991A1547370032C01D /* Project object */;
}
